Microsoft Visual Studio Solution File, Format Version 12.00
# Visual Studio 15
VisualStudioVersion = 15.0.26730.12
MinimumVisualStudioVersion = 10.0.40219.1
Project("{FAE04EC0-301F-11D3-BF4B-00C04F79EFBC}") = "Naxam.Busuu.Droid.Profile", "src\modules\profile\Naxam.Busuu.Droid.Profile\Naxam.Busuu.Droid.Profile.csproj", "{DFD37792-D1A1-463E-BA9F-8DD045E61178}"
EndProject
Project("{FAE04EC0-301F-11D3-BF4B-00C04F79EFBC}") = "Naxam.Busuu.Droid.Social", "src\modules\social\Naxam.Busuu.Droid.Social\Naxam.Busuu.Droid.Social.csproj", "{57DAE196-2D72-405B-AE3A-C18A107FDE4B}"
EndProject
Project("{FAE04EC0-301F-11D3-BF4B-00C04F79EFBC}") = "Naxam.Busuu.Droid.Learning", "src\modules\learning\Naxam.Busuu.Droid.Learning\Naxam.Busuu.Droid.Learning.csproj", "{DD07F5A3-ACA2-4CDF-B4BA-591A395175F9}"
EndProject
Project("{FAE04EC0-301F-11D3-BF4B-00C04F79EFBC}") = "Naxam.Busuu.Droid", "src\targets\Naxam.Busuu.Droid\Naxam.Busuu.Droid.csproj", "{8FD58FE0-D792-4586-A8B0-021EE7CF5E18}"
EndProject
Project("{2150E333-8FDC-42A3-9474-1A3956D46DE8}") = "droid", "droid", "{AEAB3692-EE6F-4642-9679-757968784E52}"
EndProject
Project("{FAE04EC0-301F-11D3-BF4B-00C04F79EFBC}") = "Naxam.Busuu.Droid.Core", "src\modules\core\Naxam.Busuu.Droid.Core\Naxam.Busuu.Droid.Core.csproj", "{FE265042-A31B-44CE-8E0C-2260A89B2B12}"
EndProject
Project("{FAE04EC0-301F-11D3-BF4B-00C04F79EFBC}") = "Naxam.Busuu.Core", "src\modules\core\Naxam.Busuu.Core\Naxam.Busuu.Core.csproj", "{A9928524-DB7A-4812-9C3A-81FE280939EF}"
EndProject
Project("{FAE04EC0-301F-11D3-BF4B-00C04F79EFBC}") = "Naxam.Busuu.Learning", "src\modules\learning\Naxam.Busuu.Learning\Naxam.Busuu.Learning.csproj", "{E1334FF3-BC22-4F7C-B363-A01DE69429F8}"
EndProject
Project("{FAE04EC0-301F-11D3-BF4B-00C04F79EFBC}") = "Naxam.Busuu.Profile", "src\modules\profile\Naxam.Busuu.Profile\Naxam.Busuu.Profile.csproj", "{B6F89F5C-B669-40B1-BCE1-C72089933F2F}"
EndProject
Project("{FAE04EC0-301F-11D3-BF4B-00C04F79EFBC}") = "Naxam.Busuu.Social", "src\modules\social\Naxam.Busuu.Social\Naxam.Busuu.Social.csproj", "{6255CDA3-B742-4D16-AC6C-03E414EAC000}"
EndProject
Project("{FAE04EC0-301F-11D3-BF4B-00C04F79EFBC}") = "Naxam.Busuu.iOS", "src\targets\Naxam.Busuu.iOS\Naxam.Busuu.iOS.csproj", "{CDD7C719-30F6-46F0-BCCF-4C85974F01C1}"
EndProject
Project("{FAE04EC0-301F-11D3-BF4B-00C04F79EFBC}") = "Naxam.Busuu.iOS.Core", "src\modules\core\Naxam.Busuu.iOS.Core\Naxam.Busuu.iOS.Core.csproj", "{B18CE05B-DA11-45F4-BEF8-6945AE895FA2}"
EndProject
Project("{FAE04EC0-301F-11D3-BF4B-00C04F79EFBC}") = "Naxam.Busuu.iOS.Learning", "src\modules\learning\Naxam.Busuu.iOS.Learning\Naxam.Busuu.iOS.Learning.csproj", "{A8453AAF-F6BF-433B-B268-9954240CBBF4}"
EndProject
Project("{FAE04EC0-301F-11D3-BF4B-00C04F79EFBC}") = "Naxam.Busuu.iOS.Profile", "src\modules\profile\Naxam.Busuu.iOS.Profile\Naxam.Busuu.iOS.Profile.csproj", "{701B6C86-B033-45D2-89EE-0E11499DCA7E}"
EndProject
Project("{FAE04EC0-301F-11D3-BF4B-00C04F79EFBC}") = "Naxam.Busuu.Review", "src\modules\review\Naxam.Busuu.Review\Naxam.Busuu.Review.csproj", "{BAAA7577-3BE2-423B-A051-61B47489B015}"
EndProject
Project("{FAE04EC0-301F-11D3-BF4B-00C04F79EFBC}") = "Naxam.Busuu.iOS.Review", "src\modules\review\Naxam.Busuu.iOS.Review\Naxam.Busuu.iOS.Review.csproj", "{1030A24B-B42C-4076-B166-F7E3A875E071}"
EndProject
Project("{FAE04EC0-301F-11D3-BF4B-00C04F79EFBC}") = "Naxam.Busuu.iOS.Social", "src\modules\social\Naxam.Busuu.iOS.Social\Naxam.Busuu.iOS.Social.csproj", "{8E0D9A6F-41CF-4A78-BD78-9420A2285BEA}"
EndProject
Project("{FAE04EC0-301F-11D3-BF4B-00C04F79EFBC}") = "Naxam.Busuu.iOS.Notification", "src\modules\notification\Naxam.Busuu.iOS.Notification\Naxam.Busuu.iOS.Notification.csproj", "{3B4949AE-25B1-4F34-9243-4971FA75C107}"
EndProject
Project("{FAE04EC0-301F-11D3-BF4B-00C04F79EFBC}") = "Naxam.Busuu.Notification", "src\modules\notification\Naxam.Busuu.Notification\Naxam.Busuu.Notification.csproj", "{2EADB781-E679-4485-8A53-AE7A8945CD1B}"
EndProject
Project("{FAE04EC0-301F-11D3-BF4B-00C04F79EFBC}") = "Naxam.Busuu", "src\bootstraps\Naxam.Busuu\Naxam.Busuu.csproj", "{60D3471E-3D82-482D-AE23-7792DBFE53AA}"
EndProject
Project("{FAE04EC0-301F-11D3-BF4B-00C04F79EFBC}") = "Naxam.Busuu.Start", "src\modules\startup\Naxam.Busuu.Start\Naxam.Busuu.Start.csproj", "{115D0C30-6675-4814-89AC-5AEF6E5EDAEC}"
EndProject
Project("{FAE04EC0-301F-11D3-BF4B-00C04F79EFBC}") = "Naxam.Busuu.iOS.Start", "src\modules\startup\Naxam.Busuu.iOS.Start\Naxam.Busuu.iOS.Start.csproj", "{7856BAFE-405A-4ABF-9384-A3556FA1B8DD}"
EndProject
Project("{FAE04EC0-301F-11D3-BF4B-00C04F79EFBC}") = "Naxam.Busuu.Droid.Review", "src\modules\review\Naxam.Busuu.Droid.Review\Naxam.Busuu.Droid.Review.csproj", "{366F8133-7207-4047-9017-DDE16DA3DFA8}"
EndProject
Project("{FAE04EC0-301F-11D3-BF4B-00C04F79EFBC}") = "Naxam.Busuu.Droid.Notification", "src\modules\notification\Naxam.Busuu.Droid.Notification\Naxam.Busuu.Droid.Notification.csproj", "{5C46B5FC-23AF-4AC2-AAA3-DEACA498CDCF}"
EndProject
Project("{2150E333-8FDC-42A3-9474-1A3956D46DE8}") = "modules", "modules", "{F2EB7629-4EAF-4A35-BDBB-BFA4778E089B}"
EndProject
Project("{2150E333-8FDC-42A3-9474-1A3956D46DE8}") = "targets", "targets", "{46300E7D-FA2F-4CDF-BB29-2F06CC93DAB3}"
EndProject
Project("{2150E333-8FDC-42A3-9474-1A3956D46DE8}") = "bootstraps", "bootstraps", "{100EB77F-B5D9-4B86-8F77-B53BEE6BB430}"
EndProject
Project("{2150E333-8FDC-42A3-9474-1A3956D46DE8}") = "core", "core", "{4D96E093-2AD7-4CDF-8BDE-7CB8B1253F37}"
EndProject
Project("{2150E333-8FDC-42A3-9474-1A3956D46DE8}") = "learning", "learning", "{E4CE5C4A-2B3B-4FF3-BAF9-F7A73F169665}"
EndProject
Project("{2150E333-8FDC-42A3-9474-1A3956D46DE8}") = "profile", "profile", "{22B885DB-1332-47F2-8C4C-009A9857686D}"
EndProject
Project("{2150E333-8FDC-42A3-9474-1A3956D46DE8}") = "review", "review", "{2D89797D-1F0A-4682-BEB8-8841184A79F7}"
EndProject
Project("{2150E333-8FDC-42A3-9474-1A3956D46DE8}") = "notification", "notification", "{5BF16125-C02B-450A-963D-D88889A96158}"
EndProject
Project("{2150E333-8FDC-42A3-9474-1A3956D46DE8}") = "social", "social", "{DECCC68B-8438-4F40-A8E7-B6E8FCAF2CBD}"
EndProject
Project("{2150E333-8FDC-42A3-9474-1A3956D46DE8}") = "startup", "startup", "{8DF3DFD5-91C6-4312-A7CF-B02856193C14}"
EndProject
Global
	GlobalSection(SolutionConfigurationPlatforms) = preSolution
		Debug|Any CPU = Debug|Any CPU
		Debug|iPhone = Debug|iPhone
		Debug|iPhoneSimulator = Debug|iPhoneSimulator
		Debug-Reveal|Any CPU = Debug-Reveal|Any CPU
		Debug-Reveal|iPhone = Debug-Reveal|iPhone
		Debug-Reveal|iPhoneSimulator = Debug-Reveal|iPhoneSimulator
		Release|Any CPU = Release|Any CPU
		Release|iPhone = Release|iPhone
		Release|iPhoneSimulator = Release|iPhoneSimulator
	EndGlobalSection
	GlobalSection(ProjectConfigurationPlatforms) = postSolution
		{DFD37792-D1A1-463E-BA9F-8DD045E61178}.Debug|Any CPU.ActiveCfg = Debug|Any CPU
		{DFD37792-D1A1-463E-BA9F-8DD045E61178}.Debug|Any CPU.Build.0 = Debug|Any CPU
		{DFD37792-D1A1-463E-BA9F-8DD045E61178}.Debug|iPhone.ActiveCfg = Debug|Any CPU
		{DFD37792-D1A1-463E-BA9F-8DD045E61178}.Debug|iPhone.Build.0 = Debug|Any CPU
		{DFD37792-D1A1-463E-BA9F-8DD045E61178}.Debug|iPhoneSimulator.ActiveCfg = Debug|Any CPU
		{DFD37792-D1A1-463E-BA9F-8DD045E61178}.Debug|iPhoneSimulator.Build.0 = Debug|Any CPU
		{DFD37792-D1A1-463E-BA9F-8DD045E61178}.Debug-Reveal|Any CPU.ActiveCfg = Debug-Reveal|Any CPU
		{DFD37792-D1A1-463E-BA9F-8DD045E61178}.Debug-Reveal|Any CPU.Build.0 = Debug-Reveal|Any CPU
		{DFD37792-D1A1-463E-BA9F-8DD045E61178}.Debug-Reveal|iPhone.ActiveCfg = Debug-Reveal|Any CPU
		{DFD37792-D1A1-463E-BA9F-8DD045E61178}.Debug-Reveal|iPhone.Build.0 = Debug-Reveal|Any CPU
		{DFD37792-D1A1-463E-BA9F-8DD045E61178}.Debug-Reveal|iPhoneSimulator.ActiveCfg = Debug-Reveal|iPhoneSimulator
		{DFD37792-D1A1-463E-BA9F-8DD045E61178}.Debug-Reveal|iPhoneSimulator.Build.0 = Debug-Reveal|iPhoneSimulator
		{DFD37792-D1A1-463E-BA9F-8DD045E61178}.Release|Any CPU.ActiveCfg = Release|Any CPU
		{DFD37792-D1A1-463E-BA9F-8DD045E61178}.Release|Any CPU.Build.0 = Release|Any CPU
		{DFD37792-D1A1-463E-BA9F-8DD045E61178}.Release|iPhone.ActiveCfg = Release|Any CPU
		{DFD37792-D1A1-463E-BA9F-8DD045E61178}.Release|iPhone.Build.0 = Release|Any CPU
		{DFD37792-D1A1-463E-BA9F-8DD045E61178}.Release|iPhoneSimulator.ActiveCfg = Release|Any CPU
		{DFD37792-D1A1-463E-BA9F-8DD045E61178}.Release|iPhoneSimulator.Build.0 = Release|Any CPU
		{57DAE196-2D72-405B-AE3A-C18A107FDE4B}.Debug|Any CPU.ActiveCfg = Debug|Any CPU
		{57DAE196-2D72-405B-AE3A-C18A107FDE4B}.Debug|Any CPU.Build.0 = Debug|Any CPU
		{57DAE196-2D72-405B-AE3A-C18A107FDE4B}.Debug|iPhone.ActiveCfg = Debug|Any CPU
		{57DAE196-2D72-405B-AE3A-C18A107FDE4B}.Debug|iPhone.Build.0 = Debug|Any CPU
		{57DAE196-2D72-405B-AE3A-C18A107FDE4B}.Debug|iPhoneSimulator.ActiveCfg = Debug|Any CPU
		{57DAE196-2D72-405B-AE3A-C18A107FDE4B}.Debug|iPhoneSimulator.Build.0 = Debug|Any CPU
		{57DAE196-2D72-405B-AE3A-C18A107FDE4B}.Debug-Reveal|Any CPU.ActiveCfg = Debug-Reveal|Any CPU
		{57DAE196-2D72-405B-AE3A-C18A107FDE4B}.Debug-Reveal|Any CPU.Build.0 = Debug-Reveal|Any CPU
		{57DAE196-2D72-405B-AE3A-C18A107FDE4B}.Debug-Reveal|iPhone.ActiveCfg = Debug-Reveal|Any CPU
		{57DAE196-2D72-405B-AE3A-C18A107FDE4B}.Debug-Reveal|iPhone.Build.0 = Debug-Reveal|Any CPU
		{57DAE196-2D72-405B-AE3A-C18A107FDE4B}.Debug-Reveal|iPhoneSimulator.ActiveCfg = Debug-Reveal|iPhoneSimulator
		{57DAE196-2D72-405B-AE3A-C18A107FDE4B}.Debug-Reveal|iPhoneSimulator.Build.0 = Debug-Reveal|iPhoneSimulator
		{57DAE196-2D72-405B-AE3A-C18A107FDE4B}.Release|Any CPU.ActiveCfg = Release|Any CPU
		{57DAE196-2D72-405B-AE3A-C18A107FDE4B}.Release|Any CPU.Build.0 = Release|Any CPU
		{57DAE196-2D72-405B-AE3A-C18A107FDE4B}.Release|iPhone.ActiveCfg = Release|Any CPU
		{57DAE196-2D72-405B-AE3A-C18A107FDE4B}.Release|iPhone.Build.0 = Release|Any CPU
		{57DAE196-2D72-405B-AE3A-C18A107FDE4B}.Release|iPhoneSimulator.ActiveCfg = Release|Any CPU
		{57DAE196-2D72-405B-AE3A-C18A107FDE4B}.Release|iPhoneSimulator.Build.0 = Release|Any CPU
		{DD07F5A3-ACA2-4CDF-B4BA-591A395175F9}.Debug|Any CPU.ActiveCfg = Debug|Any CPU
		{DD07F5A3-ACA2-4CDF-B4BA-591A395175F9}.Debug|Any CPU.Build.0 = Debug|Any CPU
		{DD07F5A3-ACA2-4CDF-B4BA-591A395175F9}.Debug|iPhone.ActiveCfg = Debug|Any CPU
		{DD07F5A3-ACA2-4CDF-B4BA-591A395175F9}.Debug|iPhone.Build.0 = Debug|Any CPU
		{DD07F5A3-ACA2-4CDF-B4BA-591A395175F9}.Debug|iPhoneSimulator.ActiveCfg = Debug|Any CPU
		{DD07F5A3-ACA2-4CDF-B4BA-591A395175F9}.Debug|iPhoneSimulator.Build.0 = Debug|Any CPU
		{DD07F5A3-ACA2-4CDF-B4BA-591A395175F9}.Debug-Reveal|Any CPU.ActiveCfg = Debug-Reveal|Any CPU
		{DD07F5A3-ACA2-4CDF-B4BA-591A395175F9}.Debug-Reveal|Any CPU.Build.0 = Debug-Reveal|Any CPU
		{DD07F5A3-ACA2-4CDF-B4BA-591A395175F9}.Debug-Reveal|iPhone.ActiveCfg = Debug-Reveal|Any CPU
		{DD07F5A3-ACA2-4CDF-B4BA-591A395175F9}.Debug-Reveal|iPhone.Build.0 = Debug-Reveal|Any CPU
		{DD07F5A3-ACA2-4CDF-B4BA-591A395175F9}.Debug-Reveal|iPhoneSimulator.ActiveCfg = Debug-Reveal|iPhoneSimulator
		{DD07F5A3-ACA2-4CDF-B4BA-591A395175F9}.Debug-Reveal|iPhoneSimulator.Build.0 = Debug-Reveal|iPhoneSimulator
		{DD07F5A3-ACA2-4CDF-B4BA-591A395175F9}.Release|Any CPU.ActiveCfg = Release|Any CPU
		{DD07F5A3-ACA2-4CDF-B4BA-591A395175F9}.Release|Any CPU.Build.0 = Release|Any CPU
		{DD07F5A3-ACA2-4CDF-B4BA-591A395175F9}.Release|iPhone.ActiveCfg = Release|Any CPU
		{DD07F5A3-ACA2-4CDF-B4BA-591A395175F9}.Release|iPhone.Build.0 = Release|Any CPU
		{DD07F5A3-ACA2-4CDF-B4BA-591A395175F9}.Release|iPhoneSimulator.ActiveCfg = Release|Any CPU
		{DD07F5A3-ACA2-4CDF-B4BA-591A395175F9}.Release|iPhoneSimulator.Build.0 = Release|Any CPU
		{8FD58FE0-D792-4586-A8B0-021EE7CF5E18}.Debug|Any CPU.ActiveCfg = Debug|Any CPU
		{8FD58FE0-D792-4586-A8B0-021EE7CF5E18}.Debug|Any CPU.Build.0 = Debug|Any CPU
		{8FD58FE0-D792-4586-A8B0-021EE7CF5E18}.Debug|Any CPU.Deploy.0 = Debug|Any CPU
		{8FD58FE0-D792-4586-A8B0-021EE7CF5E18}.Debug|iPhone.ActiveCfg = Debug|Any CPU
		{8FD58FE0-D792-4586-A8B0-021EE7CF5E18}.Debug|iPhone.Build.0 = Debug|Any CPU
		{8FD58FE0-D792-4586-A8B0-021EE7CF5E18}.Debug|iPhoneSimulator.ActiveCfg = Debug|Any CPU
		{8FD58FE0-D792-4586-A8B0-021EE7CF5E18}.Debug|iPhoneSimulator.Build.0 = Debug|Any CPU
		{8FD58FE0-D792-4586-A8B0-021EE7CF5E18}.Debug-Reveal|Any CPU.ActiveCfg = Debug-Reveal|Any CPU
		{8FD58FE0-D792-4586-A8B0-021EE7CF5E18}.Debug-Reveal|Any CPU.Build.0 = Debug-Reveal|Any CPU
		{8FD58FE0-D792-4586-A8B0-021EE7CF5E18}.Debug-Reveal|Any CPU.Deploy.0 = Debug-Reveal|Any CPU
		{8FD58FE0-D792-4586-A8B0-021EE7CF5E18}.Debug-Reveal|iPhone.ActiveCfg = Debug-Reveal|Any CPU
		{8FD58FE0-D792-4586-A8B0-021EE7CF5E18}.Debug-Reveal|iPhone.Build.0 = Debug-Reveal|Any CPU
		{8FD58FE0-D792-4586-A8B0-021EE7CF5E18}.Debug-Reveal|iPhone.Deploy.0 = Debug-Reveal|Any CPU
		{8FD58FE0-D792-4586-A8B0-021EE7CF5E18}.Debug-Reveal|iPhoneSimulator.ActiveCfg = Debug|Any CPU
		{8FD58FE0-D792-4586-A8B0-021EE7CF5E18}.Release|Any CPU.ActiveCfg = Release|Any CPU
		{8FD58FE0-D792-4586-A8B0-021EE7CF5E18}.Release|Any CPU.Build.0 = Release|Any CPU
		{8FD58FE0-D792-4586-A8B0-021EE7CF5E18}.Release|Any CPU.Deploy.0 = Release|Any CPU
		{8FD58FE0-D792-4586-A8B0-021EE7CF5E18}.Release|iPhone.ActiveCfg = Release|Any CPU
		{8FD58FE0-D792-4586-A8B0-021EE7CF5E18}.Release|iPhone.Build.0 = Release|Any CPU
		{8FD58FE0-D792-4586-A8B0-021EE7CF5E18}.Release|iPhoneSimulator.ActiveCfg = Release|Any CPU
		{8FD58FE0-D792-4586-A8B0-021EE7CF5E18}.Release|iPhoneSimulator.Build.0 = Release|Any CPU
		{FE265042-A31B-44CE-8E0C-2260A89B2B12}.Debug|Any CPU.ActiveCfg = Debug|Any CPU
		{FE265042-A31B-44CE-8E0C-2260A89B2B12}.Debug|Any CPU.Build.0 = Debug|Any CPU
		{FE265042-A31B-44CE-8E0C-2260A89B2B12}.Debug|iPhone.ActiveCfg = Debug|Any CPU
		{FE265042-A31B-44CE-8E0C-2260A89B2B12}.Debug|iPhone.Build.0 = Debug|Any CPU
		{FE265042-A31B-44CE-8E0C-2260A89B2B12}.Debug|iPhoneSimulator.ActiveCfg = Debug|Any CPU
		{FE265042-A31B-44CE-8E0C-2260A89B2B12}.Debug|iPhoneSimulator.Build.0 = Debug|Any CPU
		{FE265042-A31B-44CE-8E0C-2260A89B2B12}.Debug-Reveal|Any CPU.ActiveCfg = Debug-Reveal|Any CPU
		{FE265042-A31B-44CE-8E0C-2260A89B2B12}.Debug-Reveal|Any CPU.Build.0 = Debug-Reveal|Any CPU
		{FE265042-A31B-44CE-8E0C-2260A89B2B12}.Debug-Reveal|iPhone.ActiveCfg = Debug-Reveal|Any CPU
		{FE265042-A31B-44CE-8E0C-2260A89B2B12}.Debug-Reveal|iPhone.Build.0 = Debug-Reveal|Any CPU
		{FE265042-A31B-44CE-8E0C-2260A89B2B12}.Debug-Reveal|iPhoneSimulator.ActiveCfg = Debug|Any CPU
		{FE265042-A31B-44CE-8E0C-2260A89B2B12}.Release|Any CPU.ActiveCfg = Release|Any CPU
		{FE265042-A31B-44CE-8E0C-2260A89B2B12}.Release|Any CPU.Build.0 = Release|Any CPU
		{FE265042-A31B-44CE-8E0C-2260A89B2B12}.Release|iPhone.ActiveCfg = Release|Any CPU
		{FE265042-A31B-44CE-8E0C-2260A89B2B12}.Release|iPhone.Build.0 = Release|Any CPU
		{FE265042-A31B-44CE-8E0C-2260A89B2B12}.Release|iPhoneSimulator.ActiveCfg = Release|Any CPU
		{FE265042-A31B-44CE-8E0C-2260A89B2B12}.Release|iPhoneSimulator.Build.0 = Release|Any CPU
		{A9928524-DB7A-4812-9C3A-81FE280939EF}.Debug|Any CPU.ActiveCfg = Debug|Any CPU
		{A9928524-DB7A-4812-9C3A-81FE280939EF}.Debug|Any CPU.Build.0 = Debug|Any CPU
		{A9928524-DB7A-4812-9C3A-81FE280939EF}.Debug|iPhone.ActiveCfg = Debug|Any CPU
		{A9928524-DB7A-4812-9C3A-81FE280939EF}.Debug|iPhone.Build.0 = Debug|Any CPU
		{A9928524-DB7A-4812-9C3A-81FE280939EF}.Debug|iPhoneSimulator.ActiveCfg = Debug|Any CPU
		{A9928524-DB7A-4812-9C3A-81FE280939EF}.Debug|iPhoneSimulator.Build.0 = Debug|Any CPU
		{A9928524-DB7A-4812-9C3A-81FE280939EF}.Debug-Reveal|Any CPU.ActiveCfg = Debug-Reveal|Any CPU
		{A9928524-DB7A-4812-9C3A-81FE280939EF}.Debug-Reveal|Any CPU.Build.0 = Debug-Reveal|Any CPU
		{A9928524-DB7A-4812-9C3A-81FE280939EF}.Debug-Reveal|iPhone.ActiveCfg = Debug-Reveal|Any CPU
		{A9928524-DB7A-4812-9C3A-81FE280939EF}.Debug-Reveal|iPhone.Build.0 = Debug-Reveal|Any CPU
		{A9928524-DB7A-4812-9C3A-81FE280939EF}.Debug-Reveal|iPhoneSimulator.ActiveCfg = Debug|Any CPU
		{A9928524-DB7A-4812-9C3A-81FE280939EF}.Debug-Reveal|iPhoneSimulator.Build.0 = Debug|Any CPU
		{A9928524-DB7A-4812-9C3A-81FE280939EF}.Release|Any CPU.ActiveCfg = Release|Any CPU
		{A9928524-DB7A-4812-9C3A-81FE280939EF}.Release|Any CPU.Build.0 = Release|Any CPU
		{A9928524-DB7A-4812-9C3A-81FE280939EF}.Release|iPhone.ActiveCfg = Release|Any CPU
		{A9928524-DB7A-4812-9C3A-81FE280939EF}.Release|iPhone.Build.0 = Release|Any CPU
		{A9928524-DB7A-4812-9C3A-81FE280939EF}.Release|iPhoneSimulator.ActiveCfg = Release|Any CPU
		{A9928524-DB7A-4812-9C3A-81FE280939EF}.Release|iPhoneSimulator.Build.0 = Release|Any CPU
		{E1334FF3-BC22-4F7C-B363-A01DE69429F8}.Debug|Any CPU.ActiveCfg = Debug|Any CPU
		{E1334FF3-BC22-4F7C-B363-A01DE69429F8}.Debug|Any CPU.Build.0 = Debug|Any CPU
		{E1334FF3-BC22-4F7C-B363-A01DE69429F8}.Debug|iPhone.ActiveCfg = Debug|Any CPU
		{E1334FF3-BC22-4F7C-B363-A01DE69429F8}.Debug|iPhone.Build.0 = Debug|Any CPU
		{E1334FF3-BC22-4F7C-B363-A01DE69429F8}.Debug|iPhoneSimulator.ActiveCfg = Debug|Any CPU
		{E1334FF3-BC22-4F7C-B363-A01DE69429F8}.Debug|iPhoneSimulator.Build.0 = Debug|Any CPU
		{E1334FF3-BC22-4F7C-B363-A01DE69429F8}.Debug-Reveal|Any CPU.ActiveCfg = Debug-Reveal|Any CPU
		{E1334FF3-BC22-4F7C-B363-A01DE69429F8}.Debug-Reveal|Any CPU.Build.0 = Debug-Reveal|Any CPU
		{E1334FF3-BC22-4F7C-B363-A01DE69429F8}.Debug-Reveal|iPhone.ActiveCfg = Debug-Reveal|Any CPU
		{E1334FF3-BC22-4F7C-B363-A01DE69429F8}.Debug-Reveal|iPhone.Build.0 = Debug-Reveal|Any CPU
		{E1334FF3-BC22-4F7C-B363-A01DE69429F8}.Debug-Reveal|iPhoneSimulator.ActiveCfg = Debug|Any CPU
		{E1334FF3-BC22-4F7C-B363-A01DE69429F8}.Debug-Reveal|iPhoneSimulator.Build.0 = Debug|Any CPU
		{E1334FF3-BC22-4F7C-B363-A01DE69429F8}.Release|Any CPU.ActiveCfg = Release|Any CPU
		{E1334FF3-BC22-4F7C-B363-A01DE69429F8}.Release|Any CPU.Build.0 = Release|Any CPU
		{E1334FF3-BC22-4F7C-B363-A01DE69429F8}.Release|iPhone.ActiveCfg = Release|Any CPU
		{E1334FF3-BC22-4F7C-B363-A01DE69429F8}.Release|iPhone.Build.0 = Release|Any CPU
		{E1334FF3-BC22-4F7C-B363-A01DE69429F8}.Release|iPhoneSimulator.ActiveCfg = Release|Any CPU
		{E1334FF3-BC22-4F7C-B363-A01DE69429F8}.Release|iPhoneSimulator.Build.0 = Release|Any CPU
		{B6F89F5C-B669-40B1-BCE1-C72089933F2F}.Debug|Any CPU.ActiveCfg = Debug|Any CPU
		{B6F89F5C-B669-40B1-BCE1-C72089933F2F}.Debug|Any CPU.Build.0 = Debug|Any CPU
		{B6F89F5C-B669-40B1-BCE1-C72089933F2F}.Debug|Any CPU.Deploy.0 = Debug|Any CPU
		{B6F89F5C-B669-40B1-BCE1-C72089933F2F}.Debug|iPhone.ActiveCfg = Debug|Any CPU
		{B6F89F5C-B669-40B1-BCE1-C72089933F2F}.Debug|iPhone.Build.0 = Debug|Any CPU
		{B6F89F5C-B669-40B1-BCE1-C72089933F2F}.Debug|iPhoneSimulator.ActiveCfg = Debug|Any CPU
		{B6F89F5C-B669-40B1-BCE1-C72089933F2F}.Debug|iPhoneSimulator.Build.0 = Debug|Any CPU
		{B6F89F5C-B669-40B1-BCE1-C72089933F2F}.Debug-Reveal|Any CPU.ActiveCfg = Debug-Reveal|Any CPU
		{B6F89F5C-B669-40B1-BCE1-C72089933F2F}.Debug-Reveal|Any CPU.Build.0 = Debug-Reveal|Any CPU
		{B6F89F5C-B669-40B1-BCE1-C72089933F2F}.Debug-Reveal|iPhone.ActiveCfg = Debug-Reveal|Any CPU
		{B6F89F5C-B669-40B1-BCE1-C72089933F2F}.Debug-Reveal|iPhone.Build.0 = Debug-Reveal|Any CPU
		{B6F89F5C-B669-40B1-BCE1-C72089933F2F}.Debug-Reveal|iPhoneSimulator.ActiveCfg = Debug|Any CPU
		{B6F89F5C-B669-40B1-BCE1-C72089933F2F}.Debug-Reveal|iPhoneSimulator.Build.0 = Debug|Any CPU
		{B6F89F5C-B669-40B1-BCE1-C72089933F2F}.Release|Any CPU.ActiveCfg = Release|Any CPU
		{B6F89F5C-B669-40B1-BCE1-C72089933F2F}.Release|Any CPU.Build.0 = Release|Any CPU
		{B6F89F5C-B669-40B1-BCE1-C72089933F2F}.Release|iPhone.ActiveCfg = Release|Any CPU
		{B6F89F5C-B669-40B1-BCE1-C72089933F2F}.Release|iPhone.Build.0 = Release|Any CPU
		{B6F89F5C-B669-40B1-BCE1-C72089933F2F}.Release|iPhoneSimulator.ActiveCfg = Release|Any CPU
		{B6F89F5C-B669-40B1-BCE1-C72089933F2F}.Release|iPhoneSimulator.Build.0 = Release|Any CPU
		{6255CDA3-B742-4D16-AC6C-03E414EAC000}.Debug|Any CPU.ActiveCfg = Debug|Any CPU
		{6255CDA3-B742-4D16-AC6C-03E414EAC000}.Debug|Any CPU.Build.0 = Debug|Any CPU
		{6255CDA3-B742-4D16-AC6C-03E414EAC000}.Debug|iPhone.ActiveCfg = Debug|Any CPU
		{6255CDA3-B742-4D16-AC6C-03E414EAC000}.Debug|iPhone.Build.0 = Debug|Any CPU
		{6255CDA3-B742-4D16-AC6C-03E414EAC000}.Debug|iPhoneSimulator.ActiveCfg = Debug|Any CPU
		{6255CDA3-B742-4D16-AC6C-03E414EAC000}.Debug|iPhoneSimulator.Build.0 = Debug|Any CPU
		{6255CDA3-B742-4D16-AC6C-03E414EAC000}.Debug-Reveal|Any CPU.ActiveCfg = Debug-Reveal|Any CPU
		{6255CDA3-B742-4D16-AC6C-03E414EAC000}.Debug-Reveal|Any CPU.Build.0 = Debug-Reveal|Any CPU
		{6255CDA3-B742-4D16-AC6C-03E414EAC000}.Debug-Reveal|iPhone.ActiveCfg = Debug-Reveal|Any CPU
		{6255CDA3-B742-4D16-AC6C-03E414EAC000}.Debug-Reveal|iPhone.Build.0 = Debug-Reveal|Any CPU
		{6255CDA3-B742-4D16-AC6C-03E414EAC000}.Debug-Reveal|iPhoneSimulator.ActiveCfg = Debug|Any CPU
		{6255CDA3-B742-4D16-AC6C-03E414EAC000}.Debug-Reveal|iPhoneSimulator.Build.0 = Debug|Any CPU
		{6255CDA3-B742-4D16-AC6C-03E414EAC000}.Release|Any CPU.ActiveCfg = Release|Any CPU
		{6255CDA3-B742-4D16-AC6C-03E414EAC000}.Release|Any CPU.Build.0 = Release|Any CPU
		{6255CDA3-B742-4D16-AC6C-03E414EAC000}.Release|iPhone.ActiveCfg = Release|Any CPU
		{6255CDA3-B742-4D16-AC6C-03E414EAC000}.Release|iPhone.Build.0 = Release|Any CPU
		{6255CDA3-B742-4D16-AC6C-03E414EAC000}.Release|iPhoneSimulator.ActiveCfg = Release|Any CPU
		{6255CDA3-B742-4D16-AC6C-03E414EAC000}.Release|iPhoneSimulator.Build.0 = Release|Any CPU
		{CDD7C719-30F6-46F0-BCCF-4C85974F01C1}.Debug|Any CPU.ActiveCfg = Debug|iPhoneSimulator
		{CDD7C719-30F6-46F0-BCCF-4C85974F01C1}.Debug|Any CPU.Build.0 = Debug|iPhoneSimulator
		{CDD7C719-30F6-46F0-BCCF-4C85974F01C1}.Debug|iPhone.ActiveCfg = Debug|iPhone
		{CDD7C719-30F6-46F0-BCCF-4C85974F01C1}.Debug|iPhone.Build.0 = Debug|iPhone
		{CDD7C719-30F6-46F0-BCCF-4C85974F01C1}.Debug|iPhoneSimulator.ActiveCfg = Debug|iPhoneSimulator
		{CDD7C719-30F6-46F0-BCCF-4C85974F01C1}.Debug|iPhoneSimulator.Build.0 = Debug|iPhoneSimulator
		{CDD7C719-30F6-46F0-BCCF-4C85974F01C1}.Debug-Reveal|Any CPU.ActiveCfg = Debug-Reveal|iPhone
		{CDD7C719-30F6-46F0-BCCF-4C85974F01C1}.Debug-Reveal|iPhone.ActiveCfg = Debug-Reveal|iPhone
		{CDD7C719-30F6-46F0-BCCF-4C85974F01C1}.Debug-Reveal|iPhone.Build.0 = Debug-Reveal|iPhone
		{CDD7C719-30F6-46F0-BCCF-4C85974F01C1}.Debug-Reveal|iPhoneSimulator.ActiveCfg = Debug-Reveal|iPhoneSimulator
		{CDD7C719-30F6-46F0-BCCF-4C85974F01C1}.Debug-Reveal|iPhoneSimulator.Build.0 = Debug-Reveal|iPhoneSimulator
		{CDD7C719-30F6-46F0-BCCF-4C85974F01C1}.Release|Any CPU.ActiveCfg = Release|iPhone
		{CDD7C719-30F6-46F0-BCCF-4C85974F01C1}.Release|Any CPU.Build.0 = Release|iPhone
		{CDD7C719-30F6-46F0-BCCF-4C85974F01C1}.Release|iPhone.ActiveCfg = Release|iPhone
		{CDD7C719-30F6-46F0-BCCF-4C85974F01C1}.Release|iPhone.Build.0 = Release|iPhone
		{CDD7C719-30F6-46F0-BCCF-4C85974F01C1}.Release|iPhoneSimulator.ActiveCfg = Release|iPhoneSimulator
		{CDD7C719-30F6-46F0-BCCF-4C85974F01C1}.Release|iPhoneSimulator.Build.0 = Release|iPhoneSimulator
		{B18CE05B-DA11-45F4-BEF8-6945AE895FA2}.Debug|Any CPU.ActiveCfg = Debug|Any CPU
		{B18CE05B-DA11-45F4-BEF8-6945AE895FA2}.Debug|Any CPU.Build.0 = Debug|Any CPU
		{B18CE05B-DA11-45F4-BEF8-6945AE895FA2}.Debug|iPhone.ActiveCfg = Debug|Any CPU
		{B18CE05B-DA11-45F4-BEF8-6945AE895FA2}.Debug|iPhone.Build.0 = Debug|Any CPU
		{B18CE05B-DA11-45F4-BEF8-6945AE895FA2}.Debug|iPhoneSimulator.ActiveCfg = Debug|Any CPU
		{B18CE05B-DA11-45F4-BEF8-6945AE895FA2}.Debug|iPhoneSimulator.Build.0 = Debug|Any CPU
		{B18CE05B-DA11-45F4-BEF8-6945AE895FA2}.Debug-Reveal|Any CPU.ActiveCfg = Debug-Reveal|Any CPU
		{B18CE05B-DA11-45F4-BEF8-6945AE895FA2}.Debug-Reveal|Any CPU.Build.0 = Debug-Reveal|Any CPU
		{B18CE05B-DA11-45F4-BEF8-6945AE895FA2}.Debug-Reveal|iPhone.ActiveCfg = Debug-Reveal|Any CPU
		{B18CE05B-DA11-45F4-BEF8-6945AE895FA2}.Debug-Reveal|iPhone.Build.0 = Debug-Reveal|Any CPU
		{B18CE05B-DA11-45F4-BEF8-6945AE895FA2}.Debug-Reveal|iPhoneSimulator.ActiveCfg = Debug|Any CPU
		{B18CE05B-DA11-45F4-BEF8-6945AE895FA2}.Debug-Reveal|iPhoneSimulator.Build.0 = Debug|Any CPU
		{B18CE05B-DA11-45F4-BEF8-6945AE895FA2}.Release|Any CPU.ActiveCfg = Release|Any CPU
		{B18CE05B-DA11-45F4-BEF8-6945AE895FA2}.Release|Any CPU.Build.0 = Release|Any CPU
		{B18CE05B-DA11-45F4-BEF8-6945AE895FA2}.Release|iPhone.ActiveCfg = Release|Any CPU
		{B18CE05B-DA11-45F4-BEF8-6945AE895FA2}.Release|iPhone.Build.0 = Release|Any CPU
		{B18CE05B-DA11-45F4-BEF8-6945AE895FA2}.Release|iPhoneSimulator.ActiveCfg = Release|Any CPU
		{B18CE05B-DA11-45F4-BEF8-6945AE895FA2}.Release|iPhoneSimulator.Build.0 = Release|Any CPU
		{A8453AAF-F6BF-433B-B268-9954240CBBF4}.Debug|Any CPU.ActiveCfg = Debug|Any CPU
		{A8453AAF-F6BF-433B-B268-9954240CBBF4}.Debug|Any CPU.Build.0 = Debug|Any CPU
		{A8453AAF-F6BF-433B-B268-9954240CBBF4}.Debug|iPhone.ActiveCfg = Debug|Any CPU
		{A8453AAF-F6BF-433B-B268-9954240CBBF4}.Debug|iPhone.Build.0 = Debug|Any CPU
		{A8453AAF-F6BF-433B-B268-9954240CBBF4}.Debug|iPhoneSimulator.ActiveCfg = Debug|Any CPU
		{A8453AAF-F6BF-433B-B268-9954240CBBF4}.Debug|iPhoneSimulator.Build.0 = Debug|Any CPU
		{A8453AAF-F6BF-433B-B268-9954240CBBF4}.Debug-Reveal|Any CPU.ActiveCfg = Debug-Reveal|Any CPU
		{A8453AAF-F6BF-433B-B268-9954240CBBF4}.Debug-Reveal|Any CPU.Build.0 = Debug-Reveal|Any CPU
		{A8453AAF-F6BF-433B-B268-9954240CBBF4}.Debug-Reveal|iPhone.ActiveCfg = Debug-Reveal|Any CPU
		{A8453AAF-F6BF-433B-B268-9954240CBBF4}.Debug-Reveal|iPhone.Build.0 = Debug-Reveal|Any CPU
		{A8453AAF-F6BF-433B-B268-9954240CBBF4}.Debug-Reveal|iPhoneSimulator.ActiveCfg = Debug|Any CPU
		{A8453AAF-F6BF-433B-B268-9954240CBBF4}.Debug-Reveal|iPhoneSimulator.Build.0 = Debug|Any CPU
		{A8453AAF-F6BF-433B-B268-9954240CBBF4}.Release|Any CPU.ActiveCfg = Release|Any CPU
		{A8453AAF-F6BF-433B-B268-9954240CBBF4}.Release|Any CPU.Build.0 = Release|Any CPU
		{A8453AAF-F6BF-433B-B268-9954240CBBF4}.Release|iPhone.ActiveCfg = Release|Any CPU
		{A8453AAF-F6BF-433B-B268-9954240CBBF4}.Release|iPhone.Build.0 = Release|Any CPU
		{A8453AAF-F6BF-433B-B268-9954240CBBF4}.Release|iPhoneSimulator.ActiveCfg = Release|Any CPU
		{A8453AAF-F6BF-433B-B268-9954240CBBF4}.Release|iPhoneSimulator.Build.0 = Release|Any CPU
		{701B6C86-B033-45D2-89EE-0E11499DCA7E}.Debug|Any CPU.ActiveCfg = Debug|Any CPU
		{701B6C86-B033-45D2-89EE-0E11499DCA7E}.Debug|Any CPU.Build.0 = Debug|Any CPU
		{701B6C86-B033-45D2-89EE-0E11499DCA7E}.Debug|iPhone.ActiveCfg = Debug|Any CPU
		{701B6C86-B033-45D2-89EE-0E11499DCA7E}.Debug|iPhone.Build.0 = Debug|Any CPU
		{701B6C86-B033-45D2-89EE-0E11499DCA7E}.Debug|iPhoneSimulator.ActiveCfg = Debug|Any CPU
		{701B6C86-B033-45D2-89EE-0E11499DCA7E}.Debug|iPhoneSimulator.Build.0 = Debug|Any CPU
		{701B6C86-B033-45D2-89EE-0E11499DCA7E}.Debug-Reveal|Any CPU.ActiveCfg = Debug-Reveal|Any CPU
		{701B6C86-B033-45D2-89EE-0E11499DCA7E}.Debug-Reveal|Any CPU.Build.0 = Debug-Reveal|Any CPU
		{701B6C86-B033-45D2-89EE-0E11499DCA7E}.Debug-Reveal|iPhone.ActiveCfg = Debug-Reveal|Any CPU
		{701B6C86-B033-45D2-89EE-0E11499DCA7E}.Debug-Reveal|iPhone.Build.0 = Debug-Reveal|Any CPU
		{701B6C86-B033-45D2-89EE-0E11499DCA7E}.Debug-Reveal|iPhoneSimulator.ActiveCfg = Debug|Any CPU
		{701B6C86-B033-45D2-89EE-0E11499DCA7E}.Debug-Reveal|iPhoneSimulator.Build.0 = Debug|Any CPU
		{701B6C86-B033-45D2-89EE-0E11499DCA7E}.Release|Any CPU.ActiveCfg = Release|Any CPU
		{701B6C86-B033-45D2-89EE-0E11499DCA7E}.Release|Any CPU.Build.0 = Release|Any CPU
		{701B6C86-B033-45D2-89EE-0E11499DCA7E}.Release|iPhone.ActiveCfg = Release|Any CPU
		{701B6C86-B033-45D2-89EE-0E11499DCA7E}.Release|iPhone.Build.0 = Release|Any CPU
		{701B6C86-B033-45D2-89EE-0E11499DCA7E}.Release|iPhoneSimulator.ActiveCfg = Release|Any CPU
		{701B6C86-B033-45D2-89EE-0E11499DCA7E}.Release|iPhoneSimulator.Build.0 = Release|Any CPU
		{BAAA7577-3BE2-423B-A051-61B47489B015}.Debug|Any CPU.ActiveCfg = Debug|Any CPU
		{BAAA7577-3BE2-423B-A051-61B47489B015}.Debug|Any CPU.Build.0 = Debug|Any CPU
		{BAAA7577-3BE2-423B-A051-61B47489B015}.Debug|iPhone.ActiveCfg = Debug|Any CPU
		{BAAA7577-3BE2-423B-A051-61B47489B015}.Debug|iPhone.Build.0 = Debug|Any CPU
		{BAAA7577-3BE2-423B-A051-61B47489B015}.Debug|iPhoneSimulator.ActiveCfg = Debug|Any CPU
		{BAAA7577-3BE2-423B-A051-61B47489B015}.Debug|iPhoneSimulator.Build.0 = Debug|Any CPU
		{BAAA7577-3BE2-423B-A051-61B47489B015}.Debug-Reveal|Any CPU.ActiveCfg = Debug-Reveal|Any CPU
		{BAAA7577-3BE2-423B-A051-61B47489B015}.Debug-Reveal|Any CPU.Build.0 = Debug-Reveal|Any CPU
		{BAAA7577-3BE2-423B-A051-61B47489B015}.Debug-Reveal|iPhone.ActiveCfg = Debug-Reveal|Any CPU
		{BAAA7577-3BE2-423B-A051-61B47489B015}.Debug-Reveal|iPhone.Build.0 = Debug-Reveal|Any CPU
		{BAAA7577-3BE2-423B-A051-61B47489B015}.Debug-Reveal|iPhoneSimulator.ActiveCfg = Debug|Any CPU
		{BAAA7577-3BE2-423B-A051-61B47489B015}.Debug-Reveal|iPhoneSimulator.Build.0 = Debug|Any CPU
		{BAAA7577-3BE2-423B-A051-61B47489B015}.Release|Any CPU.ActiveCfg = Release|Any CPU
		{BAAA7577-3BE2-423B-A051-61B47489B015}.Release|Any CPU.Build.0 = Release|Any CPU
		{BAAA7577-3BE2-423B-A051-61B47489B015}.Release|iPhone.ActiveCfg = Release|Any CPU
		{BAAA7577-3BE2-423B-A051-61B47489B015}.Release|iPhone.Build.0 = Release|Any CPU
		{BAAA7577-3BE2-423B-A051-61B47489B015}.Release|iPhoneSimulator.ActiveCfg = Release|Any CPU
		{BAAA7577-3BE2-423B-A051-61B47489B015}.Release|iPhoneSimulator.Build.0 = Release|Any CPU
		{1030A24B-B42C-4076-B166-F7E3A875E071}.Debug|Any CPU.ActiveCfg = Debug|Any CPU
		{1030A24B-B42C-4076-B166-F7E3A875E071}.Debug|Any CPU.Build.0 = Debug|Any CPU
		{1030A24B-B42C-4076-B166-F7E3A875E071}.Debug|iPhone.ActiveCfg = Debug|Any CPU
		{1030A24B-B42C-4076-B166-F7E3A875E071}.Debug|iPhone.Build.0 = Debug|Any CPU
		{1030A24B-B42C-4076-B166-F7E3A875E071}.Debug|iPhoneSimulator.ActiveCfg = Debug|Any CPU
		{1030A24B-B42C-4076-B166-F7E3A875E071}.Debug|iPhoneSimulator.Build.0 = Debug|Any CPU
		{1030A24B-B42C-4076-B166-F7E3A875E071}.Debug-Reveal|Any CPU.ActiveCfg = Debug-Reveal|Any CPU
		{1030A24B-B42C-4076-B166-F7E3A875E071}.Debug-Reveal|Any CPU.Build.0 = Debug-Reveal|Any CPU
		{1030A24B-B42C-4076-B166-F7E3A875E071}.Debug-Reveal|iPhone.ActiveCfg = Debug-Reveal|Any CPU
		{1030A24B-B42C-4076-B166-F7E3A875E071}.Debug-Reveal|iPhone.Build.0 = Debug-Reveal|Any CPU
		{1030A24B-B42C-4076-B166-F7E3A875E071}.Debug-Reveal|iPhoneSimulator.ActiveCfg = Debug|Any CPU
		{1030A24B-B42C-4076-B166-F7E3A875E071}.Debug-Reveal|iPhoneSimulator.Build.0 = Debug|Any CPU
		{1030A24B-B42C-4076-B166-F7E3A875E071}.Release|Any CPU.ActiveCfg = Release|Any CPU
		{1030A24B-B42C-4076-B166-F7E3A875E071}.Release|Any CPU.Build.0 = Release|Any CPU
		{1030A24B-B42C-4076-B166-F7E3A875E071}.Release|iPhone.ActiveCfg = Release|Any CPU
		{1030A24B-B42C-4076-B166-F7E3A875E071}.Release|iPhone.Build.0 = Release|Any CPU
		{1030A24B-B42C-4076-B166-F7E3A875E071}.Release|iPhoneSimulator.ActiveCfg = Release|Any CPU
		{1030A24B-B42C-4076-B166-F7E3A875E071}.Release|iPhoneSimulator.Build.0 = Release|Any CPU
		{8E0D9A6F-41CF-4A78-BD78-9420A2285BEA}.Debug|Any CPU.ActiveCfg = Debug|Any CPU
		{8E0D9A6F-41CF-4A78-BD78-9420A2285BEA}.Debug|Any CPU.Build.0 = Debug|Any CPU
		{8E0D9A6F-41CF-4A78-BD78-9420A2285BEA}.Debug|iPhone.ActiveCfg = Debug|Any CPU
		{8E0D9A6F-41CF-4A78-BD78-9420A2285BEA}.Debug|iPhone.Build.0 = Debug|Any CPU
		{8E0D9A6F-41CF-4A78-BD78-9420A2285BEA}.Debug|iPhoneSimulator.ActiveCfg = Debug|Any CPU
		{8E0D9A6F-41CF-4A78-BD78-9420A2285BEA}.Debug|iPhoneSimulator.Build.0 = Debug|Any CPU
		{8E0D9A6F-41CF-4A78-BD78-9420A2285BEA}.Debug-Reveal|Any CPU.ActiveCfg = Debug-Reveal|Any CPU
		{8E0D9A6F-41CF-4A78-BD78-9420A2285BEA}.Debug-Reveal|Any CPU.Build.0 = Debug-Reveal|Any CPU
		{8E0D9A6F-41CF-4A78-BD78-9420A2285BEA}.Debug-Reveal|iPhone.ActiveCfg = Debug-Reveal|Any CPU
		{8E0D9A6F-41CF-4A78-BD78-9420A2285BEA}.Debug-Reveal|iPhone.Build.0 = Debug-Reveal|Any CPU
		{8E0D9A6F-41CF-4A78-BD78-9420A2285BEA}.Debug-Reveal|iPhoneSimulator.ActiveCfg = Debug|Any CPU
		{8E0D9A6F-41CF-4A78-BD78-9420A2285BEA}.Debug-Reveal|iPhoneSimulator.Build.0 = Debug|Any CPU
		{8E0D9A6F-41CF-4A78-BD78-9420A2285BEA}.Release|Any CPU.ActiveCfg = Release|Any CPU
		{8E0D9A6F-41CF-4A78-BD78-9420A2285BEA}.Release|Any CPU.Build.0 = Release|Any CPU
		{8E0D9A6F-41CF-4A78-BD78-9420A2285BEA}.Release|iPhone.ActiveCfg = Release|Any CPU
		{8E0D9A6F-41CF-4A78-BD78-9420A2285BEA}.Release|iPhone.Build.0 = Release|Any CPU
		{8E0D9A6F-41CF-4A78-BD78-9420A2285BEA}.Release|iPhoneSimulator.ActiveCfg = Release|Any CPU
		{8E0D9A6F-41CF-4A78-BD78-9420A2285BEA}.Release|iPhoneSimulator.Build.0 = Release|Any CPU
		{3B4949AE-25B1-4F34-9243-4971FA75C107}.Debug|Any CPU.ActiveCfg = Debug|Any CPU
		{3B4949AE-25B1-4F34-9243-4971FA75C107}.Debug|Any CPU.Build.0 = Debug|Any CPU
		{3B4949AE-25B1-4F34-9243-4971FA75C107}.Debug|iPhone.ActiveCfg = Debug|Any CPU
		{3B4949AE-25B1-4F34-9243-4971FA75C107}.Debug|iPhone.Build.0 = Debug|Any CPU
		{3B4949AE-25B1-4F34-9243-4971FA75C107}.Debug|iPhoneSimulator.ActiveCfg = Debug|Any CPU
		{3B4949AE-25B1-4F34-9243-4971FA75C107}.Debug|iPhoneSimulator.Build.0 = Debug|Any CPU
		{3B4949AE-25B1-4F34-9243-4971FA75C107}.Debug-Reveal|Any CPU.ActiveCfg = Debug-Reveal|Any CPU
		{3B4949AE-25B1-4F34-9243-4971FA75C107}.Debug-Reveal|Any CPU.Build.0 = Debug-Reveal|Any CPU
		{3B4949AE-25B1-4F34-9243-4971FA75C107}.Debug-Reveal|iPhone.ActiveCfg = Debug-Reveal|Any CPU
		{3B4949AE-25B1-4F34-9243-4971FA75C107}.Debug-Reveal|iPhone.Build.0 = Debug-Reveal|Any CPU
		{3B4949AE-25B1-4F34-9243-4971FA75C107}.Debug-Reveal|iPhoneSimulator.ActiveCfg = Debug|Any CPU
		{3B4949AE-25B1-4F34-9243-4971FA75C107}.Debug-Reveal|iPhoneSimulator.Build.0 = Debug|Any CPU
		{3B4949AE-25B1-4F34-9243-4971FA75C107}.Release|Any CPU.ActiveCfg = Release|Any CPU
		{3B4949AE-25B1-4F34-9243-4971FA75C107}.Release|Any CPU.Build.0 = Release|Any CPU
		{3B4949AE-25B1-4F34-9243-4971FA75C107}.Release|iPhone.ActiveCfg = Release|Any CPU
		{3B4949AE-25B1-4F34-9243-4971FA75C107}.Release|iPhone.Build.0 = Release|Any CPU
		{3B4949AE-25B1-4F34-9243-4971FA75C107}.Release|iPhoneSimulator.ActiveCfg = Release|Any CPU
		{3B4949AE-25B1-4F34-9243-4971FA75C107}.Release|iPhoneSimulator.Build.0 = Release|Any CPU
		{2EADB781-E679-4485-8A53-AE7A8945CD1B}.Debug|Any CPU.ActiveCfg = Debug|Any CPU
		{2EADB781-E679-4485-8A53-AE7A8945CD1B}.Debug|Any CPU.Build.0 = Debug|Any CPU
		{2EADB781-E679-4485-8A53-AE7A8945CD1B}.Debug|iPhone.ActiveCfg = Debug|Any CPU
		{2EADB781-E679-4485-8A53-AE7A8945CD1B}.Debug|iPhone.Build.0 = Debug|Any CPU
		{2EADB781-E679-4485-8A53-AE7A8945CD1B}.Debug|iPhoneSimulator.ActiveCfg = Debug|Any CPU
		{2EADB781-E679-4485-8A53-AE7A8945CD1B}.Debug|iPhoneSimulator.Build.0 = Debug|Any CPU
		{2EADB781-E679-4485-8A53-AE7A8945CD1B}.Debug-Reveal|Any CPU.ActiveCfg = Debug-Reveal|Any CPU
		{2EADB781-E679-4485-8A53-AE7A8945CD1B}.Debug-Reveal|Any CPU.Build.0 = Debug-Reveal|Any CPU
		{2EADB781-E679-4485-8A53-AE7A8945CD1B}.Debug-Reveal|iPhone.ActiveCfg = Debug-Reveal|Any CPU
		{2EADB781-E679-4485-8A53-AE7A8945CD1B}.Debug-Reveal|iPhone.Build.0 = Debug-Reveal|Any CPU
		{2EADB781-E679-4485-8A53-AE7A8945CD1B}.Debug-Reveal|iPhoneSimulator.ActiveCfg = Debug|Any CPU
		{2EADB781-E679-4485-8A53-AE7A8945CD1B}.Debug-Reveal|iPhoneSimulator.Build.0 = Debug|Any CPU
		{2EADB781-E679-4485-8A53-AE7A8945CD1B}.Release|Any CPU.ActiveCfg = Release|Any CPU
		{2EADB781-E679-4485-8A53-AE7A8945CD1B}.Release|Any CPU.Build.0 = Release|Any CPU
		{2EADB781-E679-4485-8A53-AE7A8945CD1B}.Release|iPhone.ActiveCfg = Release|Any CPU
		{2EADB781-E679-4485-8A53-AE7A8945CD1B}.Release|iPhone.Build.0 = Release|Any CPU
		{2EADB781-E679-4485-8A53-AE7A8945CD1B}.Release|iPhoneSimulator.ActiveCfg = Release|Any CPU
		{2EADB781-E679-4485-8A53-AE7A8945CD1B}.Release|iPhoneSimulator.Build.0 = Release|Any CPU
		{60D3471E-3D82-482D-AE23-7792DBFE53AA}.Debug|Any CPU.ActiveCfg = Debug|Any CPU
		{60D3471E-3D82-482D-AE23-7792DBFE53AA}.Debug|Any CPU.Build.0 = Debug|Any CPU
		{60D3471E-3D82-482D-AE23-7792DBFE53AA}.Debug|iPhone.ActiveCfg = Debug|Any CPU
		{60D3471E-3D82-482D-AE23-7792DBFE53AA}.Debug|iPhone.Build.0 = Debug|Any CPU
		{60D3471E-3D82-482D-AE23-7792DBFE53AA}.Debug|iPhoneSimulator.ActiveCfg = Debug|Any CPU
		{60D3471E-3D82-482D-AE23-7792DBFE53AA}.Debug|iPhoneSimulator.Build.0 = Debug|Any CPU
		{60D3471E-3D82-482D-AE23-7792DBFE53AA}.Debug-Reveal|Any CPU.ActiveCfg = Debug-Reveal|Any CPU
		{60D3471E-3D82-482D-AE23-7792DBFE53AA}.Debug-Reveal|Any CPU.Build.0 = Debug-Reveal|Any CPU
		{60D3471E-3D82-482D-AE23-7792DBFE53AA}.Debug-Reveal|iPhone.ActiveCfg = Debug-Reveal|Any CPU
		{60D3471E-3D82-482D-AE23-7792DBFE53AA}.Debug-Reveal|iPhone.Build.0 = Debug-Reveal|Any CPU
		{60D3471E-3D82-482D-AE23-7792DBFE53AA}.Debug-Reveal|iPhoneSimulator.ActiveCfg = Debug|Any CPU
		{60D3471E-3D82-482D-AE23-7792DBFE53AA}.Debug-Reveal|iPhoneSimulator.Build.0 = Debug|Any CPU
		{60D3471E-3D82-482D-AE23-7792DBFE53AA}.Release|Any CPU.ActiveCfg = Release|Any CPU
		{60D3471E-3D82-482D-AE23-7792DBFE53AA}.Release|Any CPU.Build.0 = Release|Any CPU
		{60D3471E-3D82-482D-AE23-7792DBFE53AA}.Release|iPhone.ActiveCfg = Release|Any CPU
		{60D3471E-3D82-482D-AE23-7792DBFE53AA}.Release|iPhone.Build.0 = Release|Any CPU
		{60D3471E-3D82-482D-AE23-7792DBFE53AA}.Release|iPhoneSimulator.ActiveCfg = Release|Any CPU
		{60D3471E-3D82-482D-AE23-7792DBFE53AA}.Release|iPhoneSimulator.Build.0 = Release|Any CPU
		{115D0C30-6675-4814-89AC-5AEF6E5EDAEC}.Debug|Any CPU.ActiveCfg = Debug|Any CPU
		{115D0C30-6675-4814-89AC-5AEF6E5EDAEC}.Debug|Any CPU.Build.0 = Debug|Any CPU
		{115D0C30-6675-4814-89AC-5AEF6E5EDAEC}.Debug|iPhone.ActiveCfg = Debug|Any CPU
		{115D0C30-6675-4814-89AC-5AEF6E5EDAEC}.Debug|iPhone.Build.0 = Debug|Any CPU
		{115D0C30-6675-4814-89AC-5AEF6E5EDAEC}.Debug|iPhoneSimulator.ActiveCfg = Debug|Any CPU
		{115D0C30-6675-4814-89AC-5AEF6E5EDAEC}.Debug|iPhoneSimulator.Build.0 = Debug|Any CPU
		{115D0C30-6675-4814-89AC-5AEF6E5EDAEC}.Debug-Reveal|Any CPU.ActiveCfg = Debug-Reveal|Any CPU
		{115D0C30-6675-4814-89AC-5AEF6E5EDAEC}.Debug-Reveal|Any CPU.Build.0 = Debug-Reveal|Any CPU
		{115D0C30-6675-4814-89AC-5AEF6E5EDAEC}.Debug-Reveal|iPhone.ActiveCfg = Debug-Reveal|Any CPU
		{115D0C30-6675-4814-89AC-5AEF6E5EDAEC}.Debug-Reveal|iPhone.Build.0 = Debug-Reveal|Any CPU
		{115D0C30-6675-4814-89AC-5AEF6E5EDAEC}.Debug-Reveal|iPhoneSimulator.ActiveCfg = Debug|Any CPU
		{115D0C30-6675-4814-89AC-5AEF6E5EDAEC}.Debug-Reveal|iPhoneSimulator.Build.0 = Debug|Any CPU
		{115D0C30-6675-4814-89AC-5AEF6E5EDAEC}.Release|Any CPU.ActiveCfg = Release|Any CPU
		{115D0C30-6675-4814-89AC-5AEF6E5EDAEC}.Release|Any CPU.Build.0 = Release|Any CPU
		{115D0C30-6675-4814-89AC-5AEF6E5EDAEC}.Release|iPhone.ActiveCfg = Release|Any CPU
		{115D0C30-6675-4814-89AC-5AEF6E5EDAEC}.Release|iPhone.Build.0 = Release|Any CPU
		{115D0C30-6675-4814-89AC-5AEF6E5EDAEC}.Release|iPhoneSimulator.ActiveCfg = Release|Any CPU
		{115D0C30-6675-4814-89AC-5AEF6E5EDAEC}.Release|iPhoneSimulator.Build.0 = Release|Any CPU
		{7856BAFE-405A-4ABF-9384-A3556FA1B8DD}.Debug|Any CPU.ActiveCfg = Debug|Any CPU
		{7856BAFE-405A-4ABF-9384-A3556FA1B8DD}.Debug|Any CPU.Build.0 = Debug|Any CPU
		{7856BAFE-405A-4ABF-9384-A3556FA1B8DD}.Debug|iPhone.ActiveCfg = Debug|Any CPU
		{7856BAFE-405A-4ABF-9384-A3556FA1B8DD}.Debug|iPhone.Build.0 = Debug|Any CPU
		{7856BAFE-405A-4ABF-9384-A3556FA1B8DD}.Debug|iPhoneSimulator.ActiveCfg = Debug|Any CPU
		{7856BAFE-405A-4ABF-9384-A3556FA1B8DD}.Debug|iPhoneSimulator.Build.0 = Debug|Any CPU
		{7856BAFE-405A-4ABF-9384-A3556FA1B8DD}.Debug-Reveal|Any CPU.ActiveCfg = Debug-Reveal|Any CPU
		{7856BAFE-405A-4ABF-9384-A3556FA1B8DD}.Debug-Reveal|Any CPU.Build.0 = Debug-Reveal|Any CPU
		{7856BAFE-405A-4ABF-9384-A3556FA1B8DD}.Debug-Reveal|iPhone.ActiveCfg = Debug-Reveal|Any CPU
		{7856BAFE-405A-4ABF-9384-A3556FA1B8DD}.Debug-Reveal|iPhone.Build.0 = Debug-Reveal|Any CPU
		{7856BAFE-405A-4ABF-9384-A3556FA1B8DD}.Debug-Reveal|iPhoneSimulator.ActiveCfg = Debug|Any CPU
		{7856BAFE-405A-4ABF-9384-A3556FA1B8DD}.Debug-Reveal|iPhoneSimulator.Build.0 = Debug|Any CPU
		{7856BAFE-405A-4ABF-9384-A3556FA1B8DD}.Release|Any CPU.ActiveCfg = Release|Any CPU
		{7856BAFE-405A-4ABF-9384-A3556FA1B8DD}.Release|Any CPU.Build.0 = Release|Any CPU
		{7856BAFE-405A-4ABF-9384-A3556FA1B8DD}.Release|iPhone.ActiveCfg = Release|Any CPU
		{7856BAFE-405A-4ABF-9384-A3556FA1B8DD}.Release|iPhone.Build.0 = Release|Any CPU
		{7856BAFE-405A-4ABF-9384-A3556FA1B8DD}.Release|iPhoneSimulator.ActiveCfg = Release|Any CPU
		{7856BAFE-405A-4ABF-9384-A3556FA1B8DD}.Release|iPhoneSimulator.Build.0 = Release|Any CPU
		{366F8133-7207-4047-9017-DDE16DA3DFA8}.Debug|Any CPU.ActiveCfg = Debug|Any CPU
		{366F8133-7207-4047-9017-DDE16DA3DFA8}.Debug|Any CPU.Build.0 = Debug|Any CPU
		{366F8133-7207-4047-9017-DDE16DA3DFA8}.Debug|iPhone.ActiveCfg = Debug|Any CPU
		{366F8133-7207-4047-9017-DDE16DA3DFA8}.Debug|iPhone.Build.0 = Debug|Any CPU
		{366F8133-7207-4047-9017-DDE16DA3DFA8}.Debug|iPhoneSimulator.ActiveCfg = Debug|Any CPU
		{366F8133-7207-4047-9017-DDE16DA3DFA8}.Debug|iPhoneSimulator.Build.0 = Debug|Any CPU
		{366F8133-7207-4047-9017-DDE16DA3DFA8}.Debug-Reveal|Any CPU.ActiveCfg = Debug|Any CPU
		{366F8133-7207-4047-9017-DDE16DA3DFA8}.Debug-Reveal|Any CPU.Build.0 = Debug|Any CPU
		{366F8133-7207-4047-9017-DDE16DA3DFA8}.Debug-Reveal|iPhone.ActiveCfg = Debug|Any CPU
		{366F8133-7207-4047-9017-DDE16DA3DFA8}.Debug-Reveal|iPhone.Build.0 = Debug|Any CPU
		{366F8133-7207-4047-9017-DDE16DA3DFA8}.Debug-Reveal|iPhoneSimulator.ActiveCfg = Debug|Any CPU
		{366F8133-7207-4047-9017-DDE16DA3DFA8}.Debug-Reveal|iPhoneSimulator.Build.0 = Debug|Any CPU
		{366F8133-7207-4047-9017-DDE16DA3DFA8}.Release|Any CPU.ActiveCfg = Release|Any CPU
		{366F8133-7207-4047-9017-DDE16DA3DFA8}.Release|Any CPU.Build.0 = Release|Any CPU
		{366F8133-7207-4047-9017-DDE16DA3DFA8}.Release|iPhone.ActiveCfg = Release|Any CPU
		{366F8133-7207-4047-9017-DDE16DA3DFA8}.Release|iPhone.Build.0 = Release|Any CPU
		{366F8133-7207-4047-9017-DDE16DA3DFA8}.Release|iPhoneSimulator.ActiveCfg = Release|Any CPU
		{366F8133-7207-4047-9017-DDE16DA3DFA8}.Release|iPhoneSimulator.Build.0 = Release|Any CPU
		{5C46B5FC-23AF-4AC2-AAA3-DEACA498CDCF}.Debug|Any CPU.ActiveCfg = Debug|Any CPU
		{5C46B5FC-23AF-4AC2-AAA3-DEACA498CDCF}.Debug|Any CPU.Build.0 = Debug|Any CPU
		{5C46B5FC-23AF-4AC2-AAA3-DEACA498CDCF}.Debug|iPhone.ActiveCfg = Debug|Any CPU
		{5C46B5FC-23AF-4AC2-AAA3-DEACA498CDCF}.Debug|iPhone.Build.0 = Debug|Any CPU
		{5C46B5FC-23AF-4AC2-AAA3-DEACA498CDCF}.Debug|iPhoneSimulator.ActiveCfg = Debug|Any CPU
		{5C46B5FC-23AF-4AC2-AAA3-DEACA498CDCF}.Debug|iPhoneSimulator.Build.0 = Debug|Any CPU
		{5C46B5FC-23AF-4AC2-AAA3-DEACA498CDCF}.Debug-Reveal|Any CPU.ActiveCfg = Debug|Any CPU
		{5C46B5FC-23AF-4AC2-AAA3-DEACA498CDCF}.Debug-Reveal|Any CPU.Build.0 = Debug|Any CPU
		{5C46B5FC-23AF-4AC2-AAA3-DEACA498CDCF}.Debug-Reveal|iPhone.ActiveCfg = Debug|Any CPU
		{5C46B5FC-23AF-4AC2-AAA3-DEACA498CDCF}.Debug-Reveal|iPhone.Build.0 = Debug|Any CPU
		{5C46B5FC-23AF-4AC2-AAA3-DEACA498CDCF}.Debug-Reveal|iPhoneSimulator.ActiveCfg = Debug|Any CPU
		{5C46B5FC-23AF-4AC2-AAA3-DEACA498CDCF}.Debug-Reveal|iPhoneSimulator.Build.0 = Debug|Any CPU
		{5C46B5FC-23AF-4AC2-AAA3-DEACA498CDCF}.Release|Any CPU.ActiveCfg = Release|Any CPU
		{5C46B5FC-23AF-4AC2-AAA3-DEACA498CDCF}.Release|Any CPU.Build.0 = Release|Any CPU
		{5C46B5FC-23AF-4AC2-AAA3-DEACA498CDCF}.Release|iPhone.ActiveCfg = Release|Any CPU
		{5C46B5FC-23AF-4AC2-AAA3-DEACA498CDCF}.Release|iPhone.Build.0 = Release|Any CPU
		{5C46B5FC-23AF-4AC2-AAA3-DEACA498CDCF}.Release|iPhoneSimulator.ActiveCfg = Release|Any CPU
		{5C46B5FC-23AF-4AC2-AAA3-DEACA498CDCF}.Release|iPhoneSimulator.Build.0 = Release|Any CPU
	EndGlobalSection
	GlobalSection(SolutionProperties) = preSolution
		HideSolutionNode = FALSE
	EndGlobalSection
	GlobalSection(NestedProjects) = preSolution
		{DFD37792-D1A1-463E-BA9F-8DD045E61178} = {22B885DB-1332-47F2-8C4C-009A9857686D}
		{57DAE196-2D72-405B-AE3A-C18A107FDE4B} = {DECCC68B-8438-4F40-A8E7-B6E8FCAF2CBD}
		{DD07F5A3-ACA2-4CDF-B4BA-591A395175F9} = {E4CE5C4A-2B3B-4FF3-BAF9-F7A73F169665}
		{8FD58FE0-D792-4586-A8B0-021EE7CF5E18} = {46300E7D-FA2F-4CDF-BB29-2F06CC93DAB3}
		{FE265042-A31B-44CE-8E0C-2260A89B2B12} = {4D96E093-2AD7-4CDF-8BDE-7CB8B1253F37}
		{A9928524-DB7A-4812-9C3A-81FE280939EF} = {4D96E093-2AD7-4CDF-8BDE-7CB8B1253F37}
		{E1334FF3-BC22-4F7C-B363-A01DE69429F8} = {E4CE5C4A-2B3B-4FF3-BAF9-F7A73F169665}
		{B6F89F5C-B669-40B1-BCE1-C72089933F2F} = {22B885DB-1332-47F2-8C4C-009A9857686D}
		{6255CDA3-B742-4D16-AC6C-03E414EAC000} = {DECCC68B-8438-4F40-A8E7-B6E8FCAF2CBD}
		{CDD7C719-30F6-46F0-BCCF-4C85974F01C1} = {46300E7D-FA2F-4CDF-BB29-2F06CC93DAB3}
		{B18CE05B-DA11-45F4-BEF8-6945AE895FA2} = {4D96E093-2AD7-4CDF-8BDE-7CB8B1253F37}
		{A8453AAF-F6BF-433B-B268-9954240CBBF4} = {E4CE5C4A-2B3B-4FF3-BAF9-F7A73F169665}
		{701B6C86-B033-45D2-89EE-0E11499DCA7E} = {22B885DB-1332-47F2-8C4C-009A9857686D}
		{BAAA7577-3BE2-423B-A051-61B47489B015} = {2D89797D-1F0A-4682-BEB8-8841184A79F7}
		{1030A24B-B42C-4076-B166-F7E3A875E071} = {2D89797D-1F0A-4682-BEB8-8841184A79F7}
		{8E0D9A6F-41CF-4A78-BD78-9420A2285BEA} = {DECCC68B-8438-4F40-A8E7-B6E8FCAF2CBD}
		{3B4949AE-25B1-4F34-9243-4971FA75C107} = {5BF16125-C02B-450A-963D-D88889A96158}
		{2EADB781-E679-4485-8A53-AE7A8945CD1B} = {5BF16125-C02B-450A-963D-D88889A96158}
		{60D3471E-3D82-482D-AE23-7792DBFE53AA} = {100EB77F-B5D9-4B86-8F77-B53BEE6BB430}
		{115D0C30-6675-4814-89AC-5AEF6E5EDAEC} = {8DF3DFD5-91C6-4312-A7CF-B02856193C14}
		{7856BAFE-405A-4ABF-9384-A3556FA1B8DD} = {8DF3DFD5-91C6-4312-A7CF-B02856193C14}
		{366F8133-7207-4047-9017-DDE16DA3DFA8} = {2D89797D-1F0A-4682-BEB8-8841184A79F7}
		{5C46B5FC-23AF-4AC2-AAA3-DEACA498CDCF} = {5BF16125-C02B-450A-963D-D88889A96158}
		{4D96E093-2AD7-4CDF-8BDE-7CB8B1253F37} = {F2EB7629-4EAF-4A35-BDBB-BFA4778E089B}
		{E4CE5C4A-2B3B-4FF3-BAF9-F7A73F169665} = {F2EB7629-4EAF-4A35-BDBB-BFA4778E089B}
		{22B885DB-1332-47F2-8C4C-009A9857686D} = {F2EB7629-4EAF-4A35-BDBB-BFA4778E089B}
		{2D89797D-1F0A-4682-BEB8-8841184A79F7} = {F2EB7629-4EAF-4A35-BDBB-BFA4778E089B}
		{5BF16125-C02B-450A-963D-D88889A96158} = {F2EB7629-4EAF-4A35-BDBB-BFA4778E089B}
		{DECCC68B-8438-4F40-A8E7-B6E8FCAF2CBD} = {F2EB7629-4EAF-4A35-BDBB-BFA4778E089B}
		{8DF3DFD5-91C6-4312-A7CF-B02856193C14} = {F2EB7629-4EAF-4A35-BDBB-BFA4778E089B}
	EndGlobalSection
	GlobalSection(ExtensibilityGlobals) = postSolution
		SolutionGuid = {49F93233-0DF7-4FF1-90AE-0A4F8EFD22B4}
	EndGlobalSection
EndGlobal
